
Microsoft Visual Studio Solution File, Format Version 12.00
# Visual Studio Version 16
VisualStudioVersion = 16.0.31727.386
MinimumVisualStudioVersion = 10.0.40219.1
Project("{FAE04EC0-301F-11D3-BF4B-00C04F79EFBC}") = "PPPK_DZ2", "PPPK_DZ2\PPPK_DZ2.csproj", "{04130B41-6D9E-4399-BD45-0A3725937A5D}"
EndProject
Project("{FAE04EC0-301F-11D3-BF4B-00C04F79EFBC}") = "SimpleEncrypter", "SimpleEncrypter\SimpleEncrypter.csproj", "{F7F2F02A-F410-49E8-8F63-DA2927CB6120}"
EndProject
Global
	GlobalSection(SolutionConfigurationPlatforms) = preSolution
		Debug|Any CPU = Debug|Any CPU
		Release|Any CPU = Release|Any CPU
	EndGlobalSection
	GlobalSection(ProjectConfigurationPlatforms) = postSolution
		{04130B41-6D9E-4399-BD45-0A3725937A5D}.Debug|Any CPU.ActiveCfg = Debug|Any CPU
		{04130B41-6D9E-4399-BD45-0A3725937A5D}.Debug|Any CPU.Build.0 = Debug|Any CPU
		{04130B41-6D9E-4399-BD45-0A3725937A5D}.Release|Any CPU.ActiveCfg = Release|Any CPU
		{04130B41-6D9E-4399-BD45-0A3725937A5D}.Release|Any CPU.Build.0 = Release|Any CPU
		{F7F2F02A-F410-49E8-8F63-DA2927CB6120}.Debug|Any CPU.ActiveCfg = Debug|Any CPU
		{F7F2F02A-F410-49E8-8F63-DA2927CB6120}.Debug|Any CPU.Build.0 = Debug|Any CPU
		{F7F2F02A-F410-49E8-8F63-DA2927CB6120}.Release|Any CPU.ActiveCfg = Release|Any CPU
		{F7F2F02A-F410-49E8-8F63-DA2927CB6120}.Release|Any CPU.Build.0 = Release|Any CPU
	EndGlobalSection
	GlobalSection(SolutionProperties) = preSolution
		HideSolutionNode = FALSE
	EndGlobalSection
	GlobalSection(ExtensibilityGlobals) = postSolution
		SolutionGuid = {2D40B74C-678F-4917-BD49-543FDDAFC5AE}
	EndGlobalSection
EndGlobal
