
Microsoft Visual Studio Solution File, Format Version 12.00
# Visual Studio Version 16
VisualStudioVersion = 16.0.32002.261
MinimumVisualStudioVersion = 10.0.40219.1
Project("{FAE04EC0-301F-11D3-BF4B-00C04F79EFBC}") = "CosmosStorage", "CosmosStorage\CosmosStorage.csproj", "{99B63277-3230-4A68-AEE2-7C02F5193DE9}"
EndProject
Global
	GlobalSection(SolutionConfigurationPlatforms) = preSolution
		Debug|Any CPU = Debug|Any CPU
		Release|Any CPU = Release|Any CPU
	EndGlobalSection
	GlobalSection(ProjectConfigurationPlatforms) = postSolution
		{99B63277-3230-4A68-AEE2-7C02F5193DE9}.Debug|Any CPU.ActiveCfg = Debug|Any CPU
		{99B63277-3230-4A68-AEE2-7C02F5193DE9}.Debug|Any CPU.Build.0 = Debug|Any CPU
		{99B63277-3230-4A68-AEE2-7C02F5193DE9}.Release|Any CPU.ActiveCfg = Release|Any CPU
		{99B63277-3230-4A68-AEE2-7C02F5193DE9}.Release|Any CPU.Build.0 = Release|Any CPU
	EndGlobalSection
	GlobalSection(SolutionProperties) = preSolution
		HideSolutionNode = FALSE
	EndGlobalSection
	GlobalSection(ExtensibilityGlobals) = postSolution
		SolutionGuid = {341DBFD2-AD1D-4054-A8C9-F111E478C64E}
	EndGlobalSection
EndGlobal
